
Microsoft Visual Studio Solution File, Format Version 12.00
# Visual Studio Version 17
VisualStudioVersion = 17.6.33815.320
MinimumVisualStudioVersion = 10.0.40219.1
Project("{9A19103F-16F7-4668-BE54-9A1E7A4F7556}") = "FarmEquipmentShop", "FarmEquipmentShop\FarmEquipmentShop.csproj", "{9355EEF2-58D5-4B22-9D66-D464198DD1EB}"
	ProjectSection(ProjectDependencies) = postProject
		{DC952D7F-B205-4594-BC50-D2CDA40F2A04} = {DC952D7F-B205-4594-BC50-D2CDA40F2A04}
	EndProjectSection
EndProject
Project("{FAE04EC0-301F-11D3-BF4B-00C04F79EFBC}") = "FarmEquipmentShop.Services", "FarmEquipmentShop.Services\FarmEquipmentShop.Services.csproj", "{DC952D7F-B205-4594-BC50-D2CDA40F2A04}"
EndProject
Global
	GlobalSection(SolutionConfigurationPlatforms) = preSolution
		Debug|Any CPU = Debug|Any CPU
		Release|Any CPU = Release|Any CPU
	EndGlobalSection
	GlobalSection(ProjectConfigurationPlatforms) = postSolution
		{9355EEF2-58D5-4B22-9D66-D464198DD1EB}.Debug|Any CPU.ActiveCfg = Debug|Any CPU
		{9355EEF2-58D5-4B22-9D66-D464198DD1EB}.Debug|Any CPU.Build.0 = Debug|Any CPU
		{9355EEF2-58D5-4B22-9D66-D464198DD1EB}.Release|Any CPU.ActiveCfg = Release|Any CPU
		{9355EEF2-58D5-4B22-9D66-D464198DD1EB}.Release|Any CPU.Build.0 = Release|Any CPU
		{DC952D7F-B205-4594-BC50-D2CDA40F2A04}.Debug|Any CPU.ActiveCfg = Debug|Any CPU
		{DC952D7F-B205-4594-BC50-D2CDA40F2A04}.Debug|Any CPU.Build.0 = Debug|Any CPU
		{DC952D7F-B205-4594-BC50-D2CDA40F2A04}.Release|Any CPU.ActiveCfg = Release|Any CPU
		{DC952D7F-B205-4594-BC50-D2CDA40F2A04}.Release|Any CPU.Build.0 = Release|Any CPU
	EndGlobalSection
	GlobalSection(SolutionProperties) = preSolution
		HideSolutionNode = FALSE
	EndGlobalSection
	GlobalSection(ExtensibilityGlobals) = postSolution
		SolutionGuid = {9A258EC9-D7E3-40BD-88AF-6CF0E27E0ED2}
	EndGlobalSection
EndGlobal
